
Microsoft Visual Studio Solution File, Format Version 12.00
# Visual Studio Version 17
VisualStudioVersion = 17.5.002.0
MinimumVisualStudioVersion = 10.0.40219.1
Project("{9A19103F-16F7-4668-BE54-9A1E7A4F7556}") = "Task1", "Task1.csproj", "{9EF3613F-59B8-4844-8E96-79B5363920D5}"
EndProject
Global
	GlobalSection(SolutionConfigurationPlatforms) = preSolution
		Debug|Any CPU = Debug|Any CPU
		Release|Any CPU = Release|Any CPU
	EndGlobalSection
	GlobalSection(ProjectConfigurationPlatforms) = postSolution
		{9EF3613F-59B8-4844-8E96-79B5363920D5}.Debug|Any CPU.ActiveCfg = Debug|Any CPU
		{9EF3613F-59B8-4844-8E96-79B5363920D5}.Debug|Any CPU.Build.0 = Debug|Any CPU
		{9EF3613F-59B8-4844-8E96-79B5363920D5}.Release|Any CPU.ActiveCfg = Release|Any CPU
		{9EF3613F-59B8-4844-8E96-79B5363920D5}.Release|Any CPU.Build.0 = Release|Any CPU
	EndGlobalSection
	GlobalSection(SolutionProperties) = preSolution
		HideSolutionNode = FALSE
	EndGlobalSection
	GlobalSection(ExtensibilityGlobals) = postSolution
		SolutionGuid = {A2F3A97A-01FE-4BF5-9A40-EBD0D048A7F7}
	EndGlobalSection
EndGlobal
