
Microsoft Visual Studio Solution File, Format Version 12.00
# Visual Studio Version 17
VisualStudioVersion = 17.5.002.0
MinimumVisualStudioVersion = 10.0.40219.1
Project("{9A19103F-16F7-4668-BE54-9A1E7A4F7556}") = "Task6", "Task6.csproj", "{F6E6D862-75E7-4A4C-8106-20316B14A902}"
EndProject
Global
	GlobalSection(SolutionConfigurationPlatforms) = preSolution
		Debug|Any CPU = Debug|Any CPU
		Release|Any CPU = Release|Any CPU
	EndGlobalSection
	GlobalSection(ProjectConfigurationPlatforms) = postSolution
		{F6E6D862-75E7-4A4C-8106-20316B14A902}.Debug|Any CPU.ActiveCfg = Debug|Any CPU
		{F6E6D862-75E7-4A4C-8106-20316B14A902}.Debug|Any CPU.Build.0 = Debug|Any CPU
		{F6E6D862-75E7-4A4C-8106-20316B14A902}.Release|Any CPU.ActiveCfg = Release|Any CPU
		{F6E6D862-75E7-4A4C-8106-20316B14A902}.Release|Any CPU.Build.0 = Release|Any CPU
	EndGlobalSection
	GlobalSection(SolutionProperties) = preSolution
		HideSolutionNode = FALSE
	EndGlobalSection
	GlobalSection(ExtensibilityGlobals) = postSolution
		SolutionGuid = {CA64671A-D2EB-4520-B660-63E6E115AF72}
	EndGlobalSection
EndGlobal
