
Microsoft Visual Studio Solution File, Format Version 12.00
# Visual Studio Version 17
VisualStudioVersion = 17.5.002.0
MinimumVisualStudioVersion = 10.0.40219.1
Project("{9A19103F-16F7-4668-BE54-9A1E7A4F7556}") = "Task5", "Task5.csproj", "{EF97B46F-2F25-474F-B5F2-87F15B44378A}"
EndProject
Global
	GlobalSection(SolutionConfigurationPlatforms) = preSolution
		Debug|Any CPU = Debug|Any CPU
		Release|Any CPU = Release|Any CPU
	EndGlobalSection
	GlobalSection(ProjectConfigurationPlatforms) = postSolution
		{EF97B46F-2F25-474F-B5F2-87F15B44378A}.Debug|Any CPU.ActiveCfg = Debug|Any CPU
		{EF97B46F-2F25-474F-B5F2-87F15B44378A}.Debug|Any CPU.Build.0 = Debug|Any CPU
		{EF97B46F-2F25-474F-B5F2-87F15B44378A}.Release|Any CPU.ActiveCfg = Release|Any CPU
		{EF97B46F-2F25-474F-B5F2-87F15B44378A}.Release|Any CPU.Build.0 = Release|Any CPU
	EndGlobalSection
	GlobalSection(SolutionProperties) = preSolution
		HideSolutionNode = FALSE
	EndGlobalSection
	GlobalSection(ExtensibilityGlobals) = postSolution
		SolutionGuid = {AF6BAF1F-CB3B-4C02-949B-F85A84A567EC}
	EndGlobalSection
EndGlobal
